
Microsoft Visual Studio Solution File, Format Version 12.00
# Visual Studio 2012
Project("{D954291E-2A0B-460D-934E-DC6B0785DB48}") = "CognitiveServices", "CognitiveServices\CognitiveServices.shproj", "{77A95B24-DD75-4839-84AE-590F09C19BE2}"
EndProject
Project("{FAE04EC0-301F-11D3-BF4B-00C04F79EFBC}") = "CognitiveServices.iOS", "iOS\CognitiveServices.iOS.csproj", "{79D855BB-CFBC-412C-A8B6-DA3B2156EA8E}"
EndProject
Project("{FAE04EC0-301F-11D3-BF4B-00C04F79EFBC}") = "CognitiveServices.Droid", "Droid\CognitiveServices.Droid.csproj", "{7C086CF5-FC28-466C-AE0A-99792925EE7C}"
EndProject
Global
	GlobalSection(SolutionConfigurationPlatforms) = preSolution
		Debug|iPhoneSimulator = Debug|iPhoneSimulator
		Release|iPhone = Release|iPhone
		Release|iPhoneSimulator = Release|iPhoneSimulator
		Debug|iPhone = Debug|iPhone
		Debug|Any CPU = Debug|Any CPU
		Release|Any CPU = Release|Any CPU
	EndGlobalSection
	GlobalSection(ProjectConfigurationPlatforms) = postSolution
		{79D855BB-CFBC-412C-A8B6-DA3B2156EA8E}.Debug|iPhoneSimulator.ActiveCfg = Debug|iPhoneSimulator
		{79D855BB-CFBC-412C-A8B6-DA3B2156EA8E}.Debug|iPhoneSimulator.Build.0 = Debug|iPhoneSimulator
		{79D855BB-CFBC-412C-A8B6-DA3B2156EA8E}.Release|iPhone.ActiveCfg = Release|iPhone
		{79D855BB-CFBC-412C-A8B6-DA3B2156EA8E}.Release|iPhone.Build.0 = Release|iPhone
		{79D855BB-CFBC-412C-A8B6-DA3B2156EA8E}.Release|iPhoneSimulator.ActiveCfg = Release|iPhoneSimulator
		{79D855BB-CFBC-412C-A8B6-DA3B2156EA8E}.Release|iPhoneSimulator.Build.0 = Release|iPhoneSimulator
		{79D855BB-CFBC-412C-A8B6-DA3B2156EA8E}.Debug|iPhone.ActiveCfg = Debug|iPhone
		{79D855BB-CFBC-412C-A8B6-DA3B2156EA8E}.Debug|iPhone.Build.0 = Debug|iPhone
		{79D855BB-CFBC-412C-A8B6-DA3B2156EA8E}.Debug|Any CPU.ActiveCfg = Debug|iPhoneSimulator
		{79D855BB-CFBC-412C-A8B6-DA3B2156EA8E}.Debug|Any CPU.Build.0 = Debug|iPhoneSimulator
		{79D855BB-CFBC-412C-A8B6-DA3B2156EA8E}.Release|Any CPU.ActiveCfg = Release|iPhone
		{79D855BB-CFBC-412C-A8B6-DA3B2156EA8E}.Release|Any CPU.Build.0 = Release|iPhone
		{7C086CF5-FC28-466C-AE0A-99792925EE7C}.Debug|iPhoneSimulator.ActiveCfg = Debug|Any CPU
		{7C086CF5-FC28-466C-AE0A-99792925EE7C}.Debug|iPhoneSimulator.Build.0 = Debug|Any CPU
		{7C086CF5-FC28-466C-AE0A-99792925EE7C}.Release|iPhone.ActiveCfg = Release|Any CPU
		{7C086CF5-FC28-466C-AE0A-99792925EE7C}.Release|iPhone.Build.0 = Release|Any CPU
		{7C086CF5-FC28-466C-AE0A-99792925EE7C}.Release|iPhoneSimulator.ActiveCfg = Release|Any CPU
		{7C086CF5-FC28-466C-AE0A-99792925EE7C}.Release|iPhoneSimulator.Build.0 = Release|Any CPU
		{7C086CF5-FC28-466C-AE0A-99792925EE7C}.Debug|iPhone.ActiveCfg = Debug|Any CPU
		{7C086CF5-FC28-466C-AE0A-99792925EE7C}.Debug|iPhone.Build.0 = Debug|Any CPU
		{7C086CF5-FC28-466C-AE0A-99792925EE7C}.Debug|Any CPU.ActiveCfg = Debug|Any CPU
		{7C086CF5-FC28-466C-AE0A-99792925EE7C}.Debug|Any CPU.Build.0 = Debug|Any CPU
		{7C086CF5-FC28-466C-AE0A-99792925EE7C}.Release|Any CPU.ActiveCfg = Release|Any CPU
		{7C086CF5-FC28-466C-AE0A-99792925EE7C}.Release|Any CPU.Build.0 = Release|Any CPU
	EndGlobalSection
EndGlobal
